# This file is automatically @generated by Poetry 2.1.3 and should not be changed by hand.

[[package]]
name = "boto3"
version = "1.40.69"
description = "The AWS SDK for Python"
optional = false
python-versions = ">=3.9"
groups = ["main"]
files = [
    {file = "boto3-1.40.69-py3-none-any.whl", hash = "sha256:c3f710a1990c4be1c0db43b938743d4e404c7f1f06d5f1fa0c8e9b1cea4290b2"},
    {file = "boto3-1.40.69.tar.gz", hash = "sha256:5273f6bac347331a87db809dff97d8736c50c3be19f2bb36ad08c5131c408976"},
]

[package.dependencies]
botocore = ">=1.40.69,<1.41.0"
jmespath = ">=0.7.1,<2.0.0"
s3transfer = ">=0.14.0,<0.15.0"

[package.extras]
crt = ["botocore[crt] (>=1.21.0,<2.0a0)"]

[[package]]
name = "botocore"
version = "1.40.69"
description = "Low-level, data-driven core of boto 3."
optional = false
python-versions = ">=3.9"
groups = ["main"]
files = [
    {file = "botocore-1.40.69-py3-none-any.whl", hash = "sha256:5d810efeb9e18f91f32690642fa81ae60e482eefeea0d35ec72da2e3d924c1a5"},
    {file = "botocore-1.40.69.tar.gz", hash = "sha256:df310ddc4d2de5543ba3df4e4b5f9907a2951896d63a9fbae115c26ca0976951"},
]

[package.dependencies]
jmespath = ">=0.7.1,<2.0.0"
python-dateutil = ">=2.1,<3.0.0"
urllib3 = {version = ">=1.25.4,<2.2.0 || >2.2.0,<3", markers = "python_version >= \"3.10\""}

[package.extras]
crt = ["awscrt (==0.27.6)"]

[[package]]
name = "google-crc32c"
version = "1.7.1"
description = "A python wrapper of the C library 'Google CRC32C'"
optional = false
python-versions = ">=3.9"
groups = ["main"]
files = [
    {file = "google_crc32c-1.7.1-cp310-cp310-macosx_12_0_arm64.whl", hash = "sha256:b07d48faf8292b4db7c3d64ab86f950c2e94e93a11fd47271c28ba458e4a0d76"},
    {file = "google_crc32c-1.7.1-cp310-cp310-macosx_12_0_x86_64.whl", hash = "sha256:7cc81b3a2fbd932a4313eb53cc7d9dde424088ca3a0337160f35d91826880c1d"},
    {file = "google_crc32c-1.7.1-cp310-cp310-manylinux_2_12_x86_64.manylinux2010_x86_64.whl", hash = "sha256:1c67ca0a1f5b56162951a9dae987988679a7db682d6f97ce0f6381ebf0fbea4c"},
    {file = "google_crc32c-1.7.1-cp310-cp310-manylinux_2_17_aarch64.manylinux2014_aarch64.whl", hash = "sha256:fc5319db92daa516b653600794d5b9f9439a9a121f3e162f94b0e1891c7933cb"},
    {file = "google_crc32c-1.7.1-cp310-cp310-manylinux_2_17_x86_64.manylinux2014_x86_64.whl", hash = "sha256:dcdf5a64adb747610140572ed18d011896e3b9ae5195f2514b7ff678c80f1603"},
    {file = "google_crc32c-1.7.1-cp310-cp310-win_amd64.whl", hash = "sha256:754561c6c66e89d55754106739e22fdaa93fafa8da7221b29c8b8e8270c6ec8a"},
    {file = "google_crc32c-1.7.1-cp311-cp311-macosx_12_0_arm64.whl", hash = "sha256:6fbab4b935989e2c3610371963ba1b86afb09537fd0c633049be82afe153ac06"},
    {file = "google_crc32c-1.7.1-cp311-cp311-macosx_12_0_x86_64.whl", hash = "sha256:ed66cbe1ed9cbaaad9392b5259b3eba4a9e565420d734e6238813c428c3336c9"},
    {file = "google_crc32c-1.7.1-cp311-cp311-manylinux_2_17_aarch64.manylinux2014_aarch64.whl", hash = "sha256:ee6547b657621b6cbed3562ea7826c3e11cab01cd33b74e1f677690652883e77"},
    {file = "google_crc32c-1.7.1-cp311-cp311-manylinux_2_17_x86_64.manylinux2014_x86_64.whl", hash = "sha256:d68e17bad8f7dd9a49181a1f5a8f4b251c6dbc8cc96fb79f1d321dfd57d66f53"},
    {file = "google_crc32c-1.7.1-cp311-cp311-win_amd64.whl", hash = "sha256:6335de12921f06e1f774d0dd1fbea6bf610abe0887a1638f64d694013138be5d"},
    {file = "google_crc32c-1.7.1-cp312-cp312-macosx_12_0_arm64.whl", hash = "sha256:2d73a68a653c57281401871dd4aeebbb6af3191dcac751a76ce430df4d403194"},
    {file = "google_crc32c-1.7.1-cp312-cp312-macosx_12_0_x86_64.whl", hash = "sha256:22beacf83baaf59f9d3ab2bbb4db0fb018da8e5aebdce07ef9f09fce8220285e"},
    {file = "google_crc32c-1.7.1-cp312-cp312-manylinux_2_17_aarch64.manylinux2014_aarch64.whl", hash = "sha256:19eafa0e4af11b0a4eb3974483d55d2d77ad1911e6cf6f832e1574f6781fd337"},
    {file = "google_crc32c-1.7.1-cp312-cp312-manylinux_2_17_x86_64.manylinux2014_x86_64.whl", hash = "sha256:b6d86616faaea68101195c6bdc40c494e4d76f41e07a37ffdef270879c15fb65"},
    {file = "google_crc32c-1.7.1-cp312-cp312-win_amd64.whl", hash = "sha256:b7491bdc0c7564fcf48c0179d2048ab2f7c7ba36b84ccd3a3e1c3f7a72d3bba6"},
    {file = "google_crc32c-1.7.1-cp313-cp313-macosx_12_0_arm64.whl", hash = "sha256:df8b38bdaf1629d62d51be8bdd04888f37c451564c2042d36e5812da9eff3c35"},
    {file = "google_crc32c-1.7.1-cp313-cp313-macosx_12_0_x86_64.whl", hash = "sha256:e42e20a83a29aa2709a0cf271c7f8aefaa23b7ab52e53b322585297bb94d4638"},
    {file = "google_crc32c-1.7.1-cp313-cp313-manylinux_2_17_aarch64.manylinux2014_aarch64.whl", hash = "sha256:905a385140bf492ac300026717af339790921f411c0dfd9aa5a9e69a08ed32eb"},
    {file = "google_crc32c-1.7.1-cp313-cp313-manylinux_2_17_x86_64.manylinux2014_x86_64.whl", hash = "sha256:6b211ddaf20f7ebeec5c333448582c224a7c90a9d98826fbab82c0ddc11348e6"},
    {file = "google_crc32c-1.7.1-cp313-cp313-win_amd64.whl", hash = "sha256:0f99eaa09a9a7e642a61e06742856eec8b19fc0037832e03f941fe7cf0c8e4db"},
    {file = "google_crc32c-1.7.1-cp313-cp313t-manylinux_2_17_aarch64.manylinux2014_aarch64.whl", hash = "sha256:32d1da0d74ec5634a05f53ef7df18fc646666a25efaaca9fc7dcfd4caf1d98c3"},
    {file = "google_crc32c-1.7.1-cp313-cp313t-manylinux_2_17_x86_64.manylinux2014_x86_64.whl", hash = "sha256:e10554d4abc5238823112c2ad7e4560f96c7bf3820b202660373d769d9e6e4c9"},
    {file = "google_crc32c-1.7.1-cp39-cp39-macosx_12_0_arm64.whl", hash = "sha256:9fc196f0b8d8bd2789352c6a522db03f89e83a0ed6b64315923c396d7a932315"},
    {file = "google_crc32c-1.7.1-cp39-cp39-macosx_12_0_x86_64.whl", hash = "sha256:bb5e35dcd8552f76eed9461a23de1030920a3c953c1982f324be8f97946e7127"},
    {file = "google_crc32c-1.7.1-cp39-cp39-manylinux_2_12_x86_64.manylinux2010_x86_64.whl", hash = "sha256:f2226b6a8da04f1d9e61d3e357f2460b9551c5e6950071437e122c958a18ae14"},
    {file = "google_crc32c-1.7.1-cp39-cp39-manylinux_2_17_aarch64.manylinux2014_aarch64.whl", hash = "sha256:1f2b3522222746fff0e04a9bd0a23ea003ba3cccc8cf21385c564deb1f223242"},
    {file = "google_crc32c-1.7.1-cp39-cp39-manylinux_2_17_x86_64.manylinux2014_x86_64.whl", hash = "sha256:3bda0fcb632d390e3ea8b6b07bf6b4f4a66c9d02dcd6fbf7ba00a197c143f582"},
    {file = "google_crc32c-1.7.1-cp39-cp39-win_amd64.whl", hash = "sha256:713121af19f1a617054c41f952294764e0c5443d5a5d9034b2cd60f5dd7e0349"},
    {file = "google_crc32c-1.7.1-pp310-pypy310_pp73-manylinux_2_17_aarch64.manylinux2014_aarch64.whl", hash = "sha256:a8e9afc74168b0b2232fb32dd202c93e46b7d5e4bf03e66ba5dc273bb3559589"},
    {file = "google_crc32c-1.7.1-pp310-pypy310_pp73-manylinux_2_17_x86_64.manylinux2014_x86_64.whl", hash = "sha256:fa8136cc14dd27f34a3221c0f16fd42d8a40e4778273e61a3c19aedaa44daf6b"},
    {file = "google_crc32c-1.7.1-pp311-pypy311_pp73-manylinux_2_17_aarch64.manylinux2014_aarch64.whl", hash = "sha256:85fef7fae11494e747c9fd1359a527e5970fc9603c90764843caabd3a16a0a48"},
    {file = "google_crc32c-1.7.1-pp311-pypy311_pp73-manylinux_2_17_x86_64.manylinux2014_x86_64.whl", hash = "sha256:6efb97eb4369d52593ad6f75e7e10d053cf00c48983f7a973105bc70b0ac4d82"},
    {file = "google_crc32c-1.7.1.tar.gz", hash = "sha256:2bff2305f98846f3e825dbeec9ee406f89da7962accdb29356e4eadc251bd472"},
]

[package.extras]
testing = ["pytest"]

[[package]]
name = "jmespath"
version = "1.0.1"
description = "JSON Matching Expressions"
optional = false
python-versions = ">=3.7"
groups = ["main"]
files = [
    {file = "jmespath-1.0.1-py3-none-any.whl", hash = "sha256:02e2e4cc71b5bcab88332eebf907519190dd9e6e82107fa7f83b1003a6252980"},
    {file = "jmespath-1.0.1.tar.gz", hash = "sha256:90261b206d6defd58fdd5e85f478bf633a2901798906be2ad389150c5c60edbe"},
]

[[package]]
name = "python-dateutil"
version = "2.9.0.post0"
description = "Extensions to the standard Python datetime module"
optional = false
python-versions = "!=3.0.*,!=3.1.*,!=3.2.*,>=2.7"
groups = ["main"]
files = [
    {file = "python-dateutil-2.9.0.post0.tar.gz", hash = "sha256:37dd54208da7e1cd875388217d5e00ebd4179249f90fb72437e91a35459a0ad3"},
    {file = "python_dateutil-2.9.0.post0-py2.py3-none-any.whl", hash = "sha256:a8b2bc7bffae282281c8140a97d3aa9c14da0b136dfe83f850eea9a5f7470427"},
]

[package.dependencies]
six = ">=1.5"

[[package]]
name = "python-dotenv"
version = "1.2.1"
description = "Read key-value pairs from a .env file and set them as environment variables"
optional = false
python-versions = ">=3.9"
groups = ["main"]
files = [
    {file = "python_dotenv-1.2.1-py3-none-any.whl", hash = "sha256:b81ee9561e9ca4004139c6cbba3a238c32b03e4894671e181b671e8cb8425d61"},
    {file = "python_dotenv-1.2.1.tar.gz", hash = "sha256:42667e897e16ab0d66954af0e60a9caa94f0fd4ecf3aaf6d2d260eec1aa36ad6"},
]

[package.extras]
cli = ["click (>=5.0)"]

[[package]]
name = "s3transfer"
version = "0.14.0"
description = "An Amazon S3 Transfer Manager"
optional = false
python-versions = ">=3.9"
groups = ["main"]
files = [
    {file = "s3transfer-0.14.0-py3-none-any.whl", hash = "sha256:ea3b790c7077558ed1f02a3072fb3cb992bbbd253392f4b6e9e8976941c7d456"},
    {file = "s3transfer-0.14.0.tar.gz", hash = "sha256:eff12264e7c8b4985074ccce27a3b38a485bb7f7422cc8046fee9be4983e4125"},
]

[package.dependencies]
botocore = ">=1.37.4,<2.0a.0"

[package.extras]
crt = ["botocore[crt] (>=1.37.4,<2.0a.0)"]

[[package]]
name = "six"
version = "1.17.0"
description = "Python 2 and 3 compatibility utilities"
optional = false
python-versions = "!=3.0.*,!=3.1.*,!=3.2.*,>=2.7"
groups = ["main"]
files = [
    {file = "six-1.17.0-py2.py3-none-any.whl", hash = "sha256:4721f391ed90541fddacab5acf947aa0d3dc7d27b2e1e8eda2be8970586c3274"},
    {file = "six-1.17.0.tar.gz", hash = "sha256:ff70335d468e7eb6ec65b95b99d3a2836546063f63acc5171de367e834932a81"},
]

[[package]]
name = "urllib3"
version = "2.5.0"
description = "HTTP library with thread-safe connection pooling, file post, and more."
optional = false
python-versions = ">=3.9"
groups = ["main"]
files = [
    {file = "urllib3-2.5.0-py3-none-any.whl", hash = "sha256:e6b01673c0fa6a13e374b50871808eb3bf7046c4b125b216f6bf1cc604cff0dc"},
    {file = "urllib3-2.5.0.tar.gz", hash = "sha256:3fc47733c7e419d4bc3f6b3dc2b4f890bb743906a30d56ba4a5bfa4bbff92760"},
]

[package.extras]
brotli = ["brotli (>=1.0.9) ; platform_python_implementation == \"CPython\"", "brotlicffi (>=0.8.0) ; platform_python_implementation != \"CPython\""]
h2 = ["h2 (>=4,<5)"]
socks = ["pysocks (>=1.5.6,!=1.5.7,<2.0)"]
zstd = ["zstandard (>=0.18.0)"]

[metadata]
lock-version = "2.1"
python-versions = ">=3.10"
content-hash = "05cb1a4897c15395fa154c12962253b0c2c5e5aa2f5f3b0f5836563ccebc3e24"
